{
  "name": "foass-discord",
  "version": "1.0.0",
  "lockfileVersion": 2,
  "requires": true,
  "packages": {
    "": {
      "name": "foass-discord",
      "version": "1.0.0",
      "license": "WTFPL",
      "dependencies": {
        "@discordjs/rest": "^0.5.0",
        "@ptkdev/logger": "^1.8.0",
        "discord-api-types": "^0.36.2",
        "discord.js": "^13.8.1",
        "dotenv": "^16.0.1"
      },
      "devDependencies": {}
    },
    "node_modules/@discordjs/builders": {
      "version": "0.14.0",
      "license": "Apache-2.0",
      "dependencies": {
        "@sapphire/shapeshift": "^3.1.0",
        "@sindresorhus/is": "^4.6.0",
        "discord-api-types": "^0.33.3",
        "fast-deep-equal": "^3.1.3",
        "ts-mixer": "^6.0.1",
        "tslib": "^2.4.0"
      },
      "engines": {
        "node": ">=16.9.0"
      }
    },
    "node_modules/@discordjs/builders/node_modules/discord-api-types": {
      "version": "0.33.5",
      "license": "MIT"
    },
    "node_modules/@discordjs/collection": {
      "version": "0.7.0",
      "license": "Apache-2.0",
      "engines": {
        "node": ">=16.9.0"
      }
    },
    "node_modules/@discordjs/rest": {
      "version": "0.5.0",
      "license": "Apache-2.0",
      "dependencies": {
        "@discordjs/collection": "^0.7.0",
        "@sapphire/async-queue": "^1.3.1",
        "@sapphire/snowflake": "^3.2.2",
        "discord-api-types": "^0.33.3",
        "tslib": "^2.4.0",
        "undici": "^5.4.0"
      },
      "engines": {
        "node": ">=16.9.0"
      }
    },
    "node_modules/@discordjs/rest/node_modules/discord-api-types": {
      "version": "0.33.5",
      "license": "MIT"
    },
    "node_modules/@ptkdev/logger": {
      "version": "1.8.0",
      "license": "MIT",
      "dependencies": {
        "chalk": "^4.1.2",
        "fs-extra": "^10.0.0",
        "lowdb": "^1.0.0",
        "rotating-file-stream": "^2.1.5",
        "strip-ansi": "^6.0.0"
      },
      "engines": {
        "node": ">=10.0.0"
      }
    },
    "node_modules/@sapphire/async-queue": {
      "version": "1.3.1",
      "license": "MIT",
      "engines": {
        "node": ">=v14.0.0",
        "npm": ">=7.0.0"
      }
    },
    "node_modules/@sapphire/shapeshift": {
      "version": "3.5.0",
      "license": "MIT",
      "dependencies": {
        "fast-deep-equal": "^3.1.3",
        "lodash.uniqwith": "^4.5.0"
      },
      "engines": {
        "node": ">=v14.0.0",
        "npm": ">=7.0.0"
      }
    },
    "node_modules/@sapphire/snowflake": {
      "version": "3.2.2",
      "license": "MIT",
      "engines": {
        "node": ">=v14.0.0",
        "npm": ">=7.0.0"
      }
    },
    "node_modules/@sindresorhus/is": {
      "version": "4.6.0",
      "license": "MIT",
      "engines": {
        "node": ">=10"
      },
      "funding": {
        "url": "https://github.com/sindresorhus/is?sponsor=1"
      }
    },
    "node_modules/@types/node": {
      "version": "18.0.5",
      "license": "MIT"
    },
    "node_modules/@types/node-fetch": {
      "version": "2.6.2",
      "license": "MIT",
      "dependencies": {
        "@types/node": "*",
        "form-data": "^3.0.0"
      }
    },
    "node_modules/@types/node-fetch/node_modules/form-data": {
      "version": "3.0.1",
      "license": "MIT",
      "dependencies": {
        "asynckit": "^0.4.0",
        "combined-stream": "^1.0.8",
        "mime-types": "^2.1.12"
      },
      "engines": {
        "node": ">= 6"
      }
    },
    "node_modules/@types/ws": {
      "version": "8.5.3",
      "license": "MIT",
      "dependencies": {
        "@types/node": "*"
      }
    },
    "node_modules/ansi-regex": {
      "version": "5.0.1",
      "license": "MIT",
      "engines": {
        "node": ">=8"
      }
    },
    "node_modules/asynckit": {
      "version": "0.4.0",
      "license": "MIT"
    },
    "node_modules/chalk": {
      "version": "4.1.2",
      "license": "MIT",
      "dependencies": {
        "ansi-styles": "^4.1.0",
        "supports-color": "^7.1.0"
      },
      "engines": {
        "node": ">=10"
      },
      "funding": {
        "url": "https://github.com/chalk/chalk?sponsor=1"
      }
    },
    "node_modules/chalk/node_modules/ansi-styles": {
      "version": "4.3.0",
      "license": "MIT",
      "dependencies": {
        "color-convert": "^2.0.1"
      },
      "engines": {
        "node": ">=8"
      },
      "funding": {
        "url": "https://github.com/chalk/ansi-styles?sponsor=1"
      }
    },
    "node_modules/chalk/node_modules/color-convert": {
      "version": "2.0.1",
      "license": "MIT",
      "dependencies": {
        "color-name": "~1.1.4"
      },
      "engines": {
        "node": ">=7.0.0"
      }
    },
    "node_modules/chalk/node_modules/color-name": {
      "version": "1.1.4",
      "license": "MIT"
    },
    "node_modules/chalk/node_modules/has-flag": {
      "version": "4.0.0",
      "license": "MIT",
      "engines": {
        "node": ">=8"
      }
    },
    "node_modules/chalk/node_modules/supports-color": {
      "version": "7.2.0",
      "license": "MIT",
      "dependencies": {
        "has-flag": "^4.0.0"
      },
      "engines": {
        "node": ">=8"
      }
    },
    "node_modules/combined-stream": {
      "version": "1.0.8",
      "license": "MIT",
      "dependencies": {
        "delayed-stream": "~1.0.0"
      },
      "engines": {
        "node": ">= 0.8"
      }
    },
    "node_modules/delayed-stream": {
      "version": "1.0.0",
      "license": "MIT",
      "engines": {
        "node": ">=0.4.0"
      }
    },
    "node_modules/discord-api-types": {
      "version": "0.36.2",
      "license": "MIT"
    },
    "node_modules/discord.js": {
      "version": "13.8.1",
      "license": "Apache-2.0",
      "dependencies": {
        "@discordjs/builders": "^0.14.0",
        "@discordjs/collection": "^0.7.0",
        "@sapphire/async-queue": "^1.3.1",
        "@types/node-fetch": "^2.6.1",
        "@types/ws": "^8.5.3",
        "discord-api-types": "^0.33.3",
        "form-data": "^4.0.0",
        "node-fetch": "^2.6.1",
        "ws": "^8.7.0"
      },
      "engines": {
        "node": ">=16.6.0",
        "npm": ">=7.0.0"
      }
    },
    "node_modules/discord.js/node_modules/discord-api-types": {
      "version": "0.33.5",
      "license": "MIT"
    },
    "node_modules/dotenv": {
      "version": "16.0.1",
      "license": "BSD-2-Clause",
      "engines": {
        "node": ">=12"
      }
    },
    "node_modules/fast-deep-equal": {
      "version": "3.1.3",
      "license": "MIT"
    },
    "node_modules/form-data": {
      "version": "4.0.0",
      "license": "MIT",
      "dependencies": {
        "asynckit": "^0.4.0",
        "combined-stream": "^1.0.8",
        "mime-types": "^2.1.12"
      },
      "engines": {
        "node": ">= 6"
      }
    },
    "node_modules/fs-extra": {
      "version": "10.1.0",
      "license": "MIT",
      "dependencies": {
        "graceful-fs": "^4.2.0",
        "jsonfile": "^6.0.1",
        "universalify": "^2.0.0"
      },
      "engines": {
        "node": ">=12"
      }
    },
    "node_modules/graceful-fs": {
      "version": "4.2.10",
      "license": "ISC"
    },
    "node_modules/is-promise": {
      "version": "2.2.2",
      "license": "MIT"
    },
    "node_modules/jsonfile": {
      "version": "6.1.0",
      "license": "MIT",
      "dependencies": {
        "universalify": "^2.0.0"
      },
      "optionalDependencies": {
        "graceful-fs": "^4.1.6"
      }
    },
    "node_modules/lodash": {
      "version": "4.17.21",
      "license": "MIT"
    },
    "node_modules/lodash.uniqwith": {
      "version": "4.5.0",
      "license": "MIT"
    },
    "node_modules/lowdb": {
      "version": "1.0.0",
      "license": "MIT",
      "dependencies": {
        "graceful-fs": "^4.1.3",
        "is-promise": "^2.1.0",
        "lodash": "4",
        "pify": "^3.0.0",
        "steno": "^0.4.1"
      },
      "engines": {
        "node": ">=4"
      }
    },
    "node_modules/mime-db": {
      "version": "1.52.0",
      "license": "MIT",
      "engines": {
        "node": ">= 0.6"
      }
    },
    "node_modules/mime-types": {
      "version": "2.1.35",
      "license": "MIT",
      "dependencies": {
        "mime-db": "1.52.0"
      },
      "engines": {
        "node": ">= 0.6"
      }
    },
    "node_modules/node-fetch": {
      "version": "2.6.7",
      "license": "MIT",
      "dependencies": {
        "whatwg-url": "^5.0.0"
      },
      "engines": {
        "node": "4.x || >=6.0.0"
      },
      "peerDependencies": {
        "encoding": "^0.1.0"
      },
      "peerDependenciesMeta": {
        "encoding": {
          "optional": true
        }
      }
    },
    "node_modules/pify": {
      "version": "3.0.0",
      "license": "MIT",
      "engines": {
        "node": ">=4"
      }
    },
    "node_modules/rotating-file-stream": {
      "version": "2.1.6",
      "license": "MIT",
      "engines": {
        "node": ">=10.0"
      },
      "funding": {
        "url": "https://www.blockchain.com/btc/address/12p1p5q7sK75tPyuesZmssiMYr4TKzpSCN"
      }
    },
    "node_modules/steno": {
      "version": "0.4.4",
      "license": "MIT",
      "dependencies": {
        "graceful-fs": "^4.1.3"
      }
    },
    "node_modules/strip-ansi": {
      "version": "6.0.1",
      "license": "MIT",
      "dependencies": {
        "ansi-regex": "^5.0.1"
      },
      "engines": {
        "node": ">=8"
      }
    },
    "node_modules/tr46": {
      "version": "0.0.3",
      "license": "MIT"
    },
    "node_modules/ts-mixer": {
      "version": "6.0.1",
      "license": "MIT"
    },
    "node_modules/tslib": {
      "version": "2.4.0",
      "license": "0BSD"
    },
    "node_modules/undici": {
      "version": "5.7.0",
      "license": "MIT",
      "engines": {
        "node": ">=12.18"
      }
    },
    "node_modules/universalify": {
      "version": "2.0.0",
      "license": "MIT",
      "engines": {
        "node": ">= 10.0.0"
      }
    },
    "node_modules/webidl-conversions": {
      "version": "3.0.1",
      "license": "BSD-2-Clause"
    },
    "node_modules/whatwg-url": {
      "version": "5.0.0",
      "license": "MIT",
      "dependencies": {
        "tr46": "~0.0.3",
        "webidl-conversions": "^3.0.0"
      }
    },
    "node_modules/ws": {
      "version": "8.8.1",
      "license": "MIT",
      "engines": {
        "node": ">=10.0.0"
      },
      "peerDependencies": {
        "bufferutil": "^4.0.1",
        "utf-8-validate": "^5.0.2"
      },
      "peerDependenciesMeta": {
        "bufferutil": {
          "optional": true
        },
        "utf-8-validate": {
          "optional": true
        }
      }
    }
  },
  "dependencies": {
    "@discordjs/builders": {
      "version": "0.14.0",
      "requires": {
        "@sapphire/shapeshift": "^3.1.0",
        "@sindresorhus/is": "^4.6.0",
        "discord-api-types": "^0.33.3",
        "fast-deep-equal": "^3.1.3",
        "ts-mixer": "^6.0.1",
        "tslib": "^2.4.0"
      },
      "dependencies": {
        "discord-api-types": {
          "version": "0.33.5"
        }
      }
    },
    "@discordjs/collection": {
      "version": "0.7.0"
    },
    "@discordjs/rest": {
      "version": "0.5.0",
      "requires": {
        "@discordjs/collection": "^0.7.0",
        "@sapphire/async-queue": "^1.3.1",
        "@sapphire/snowflake": "^3.2.2",
        "discord-api-types": "^0.33.3",
        "tslib": "^2.4.0",
        "undici": "^5.4.0"
      },
      "dependencies": {
        "discord-api-types": {
          "version": "0.33.5"
        }
      }
    },
    "@ptkdev/logger": {
      "version": "1.8.0",
      "requires": {
        "chalk": "^4.1.2",
        "fs-extra": "^10.0.0",
        "lowdb": "^1.0.0",
        "rotating-file-stream": "^2.1.5",
        "strip-ansi": "^6.0.0"
      }
    },
    "@sapphire/async-queue": {
      "version": "1.3.1"
    },
    "@sapphire/shapeshift": {
      "version": "3.5.0",
      "requires": {
        "fast-deep-equal": "^3.1.3",
        "lodash.uniqwith": "^4.5.0"
      }
    },
    "@sapphire/snowflake": {
      "version": "3.2.2"
    },
    "@sindresorhus/is": {
      "version": "4.6.0"
    },
    "@types/node": {
      "version": "18.0.5"
    },
    "@types/node-fetch": {
      "version": "2.6.2",
      "requires": {
        "@types/node": "*",
        "form-data": "^3.0.0"
      },
      "dependencies": {
        "form-data": {
          "version": "3.0.1",
          "requires": {
            "asynckit": "^0.4.0",
            "combined-stream": "^1.0.8",
            "mime-types": "^2.1.12"
          }
        }
      }
    },
    "@types/ws": {
      "version": "8.5.3",
      "requires": {
        "@types/node": "*"
      }
    },
    "ansi-regex": {
      "version": "5.0.1"
    },
    "asynckit": {
      "version": "0.4.0"
    },
    "chalk": {
      "version": "4.1.2",
      "requires": {
        "ansi-styles": "^4.1.0",
        "supports-color": "^7.1.0"
      },
      "dependencies": {
        "ansi-styles": {
          "version": "4.3.0",
          "requires": {
            "color-convert": "^2.0.1"
          }
        },
        "color-convert": {
          "version": "2.0.1",
          "requires": {
            "color-name": "~1.1.4"
          }
        },
        "color-name": {
          "version": "1.1.4"
        },
        "has-flag": {
          "version": "4.0.0"
        },
        "supports-color": {
          "version": "7.2.0",
          "requires": {
            "has-flag": "^4.0.0"
          }
        }
      }
    },
    "combined-stream": {
      "version": "1.0.8",
      "requires": {
        "delayed-stream": "~1.0.0"
      }
    },
    "delayed-stream": {
      "version": "1.0.0"
    },
    "discord-api-types": {
      "version": "0.36.2"
    },
    "discord.js": {
      "version": "13.8.1",
      "requires": {
        "@discordjs/builders": "^0.14.0",
        "@discordjs/collection": "^0.7.0",
        "@sapphire/async-queue": "^1.3.1",
        "@types/node-fetch": "^2.6.1",
        "@types/ws": "^8.5.3",
        "discord-api-types": "^0.33.3",
        "form-data": "^4.0.0",
        "node-fetch": "^2.6.1",
        "ws": "^8.7.0"
      },
      "dependencies": {
        "discord-api-types": {
          "version": "0.33.5"
        }
      }
    },
    "dotenv": {
      "version": "16.0.1"
    },
    "fast-deep-equal": {
      "version": "3.1.3"
    },
    "form-data": {
      "version": "4.0.0",
      "requires": {
        "asynckit": "^0.4.0",
        "combined-stream": "^1.0.8",
        "mime-types": "^2.1.12"
      }
    },
    "fs-extra": {
      "version": "10.1.0",
      "requires": {
        "graceful-fs": "^4.2.0",
        "jsonfile": "^6.0.1",
        "universalify": "^2.0.0"
      }
    },
    "graceful-fs": {
      "version": "4.2.10"
    },
    "is-promise": {
      "version": "2.2.2"
    },
    "jsonfile": {
      "version": "6.1.0",
      "requires": {
        "graceful-fs": "^4.1.6",
        "universalify": "^2.0.0"
      }
    },
    "lodash": {
      "version": "4.17.21"
    },
    "lodash.uniqwith": {
      "version": "4.5.0"
    },
    "lowdb": {
      "version": "1.0.0",
      "requires": {
        "graceful-fs": "^4.1.3",
        "is-promise": "^2.1.0",
        "lodash": "4",
        "pify": "^3.0.0",
        "steno": "^0.4.1"
      }
    },
    "mime-db": {
      "version": "1.52.0"
    },
    "mime-types": {
      "version": "2.1.35",
      "requires": {
        "mime-db": "1.52.0"
      }
    },
    "node-fetch": {
      "version": "2.6.7",
      "requires": {
        "whatwg-url": "^5.0.0"
      }
    },
    "pify": {
      "version": "3.0.0"
    },
    "rotating-file-stream": {
      "version": "2.1.6"
    },
    "steno": {
      "version": "0.4.4",
      "requires": {
        "graceful-fs": "^4.1.3"
      }
    },
    "strip-ansi": {
      "version": "6.0.1",
      "requires": {
        "ansi-regex": "^5.0.1"
      }
    },
    "tr46": {
      "version": "0.0.3"
    },
    "ts-mixer": {
      "version": "6.0.1"
    },
    "tslib": {
      "version": "2.4.0"
    },
    "undici": {
      "version": "5.7.0"
    },
    "universalify": {
      "version": "2.0.0"
    },
    "webidl-conversions": {
      "version": "3.0.1"
    },
    "whatwg-url": {
      "version": "5.0.0",
      "requires": {
        "tr46": "~0.0.3",
        "webidl-conversions": "^3.0.0"
      }
    },
    "ws": {
      "version": "8.8.1",
      "requires": {}
    }
  }
}
